
Microsoft Visual Studio Solution File, Format Version 12.00
# Visual Studio 2017
Project("{FAE04EC0-301F-11D3-BF4B-00C04F79EFBC}") = "ParticleVR", "ParticleVR.csproj", "{C2524001-BB42-1F1B-1BE8-2542EF59324E}"
EndProject
Project("{FAE04EC0-301F-11D3-BF4B-00C04F79EFBC}") = "ParticleVR.Editor", "ParticleVR.Editor.csproj", "{665E5F7F-156C-2AC9-7765-4698451260F1}"
EndProject
Global
	GlobalSection(SolutionConfigurationPlatforms) = preSolution
		Debug|Any CPU = Debug|Any CPU
		Release|Any CPU = Release|Any CPU
	EndGlobalSection
	GlobalSection(ProjectConfigurationPlatforms) = postSolution
		{C2524001-BB42-1F1B-1BE8-2542EF59324E}.Debug|Any CPU.ActiveCfg = Debug|Any CPU
		{C2524001-BB42-1F1B-1BE8-2542EF59324E}.Debug|Any CPU.Build.0 = Debug|Any CPU
		{C2524001-BB42-1F1B-1BE8-2542EF59324E}.Release|Any CPU.ActiveCfg = Release|Any CPU
		{C2524001-BB42-1F1B-1BE8-2542EF59324E}.Release|Any CPU.Build.0 = Release|Any CPU
		{665E5F7F-156C-2AC9-7765-4698451260F1}.Debug|Any CPU.ActiveCfg = Debug|Any CPU
		{665E5F7F-156C-2AC9-7765-4698451260F1}.Debug|Any CPU.Build.0 = Debug|Any CPU
		{665E5F7F-156C-2AC9-7765-4698451260F1}.Release|Any CPU.ActiveCfg = Release|Any CPU
		{665E5F7F-156C-2AC9-7765-4698451260F1}.Release|Any CPU.Build.0 = Release|Any CPU
	EndGlobalSection
	GlobalSection(SolutionProperties) = preSolution
		HideSolutionNode = FALSE
	EndGlobalSection
EndGlobal
